
Microsoft Visual Studio Solution File, Format Version 12.00
# Visual Studio Version 17
VisualStudioVersion = 17.0.31903.59
MinimumVisualStudioVersion = 10.0.40219.1
Project("{888888A0-9F3D-457C-B088-3A5042F75D52}") = "LearningPython", "LearningPython\LearningPython.pyproj", "{5865ACEC-6349-46D6-9786-7FE56B00CDB0}"
EndProject
Global
	GlobalSection(SolutionConfigurationPlatforms) = preSolution
		Debug|Any CPU = Debug|Any CPU
		Release|Any CPU = Release|Any CPU
	EndGlobalSection
	GlobalSection(ProjectConfigurationPlatforms) = postSolution
		{5865ACEC-6349-46D6-9786-7FE56B00CDB0}.Debug|Any CPU.ActiveCfg = Debug|Any CPU
		{5865ACEC-6349-46D6-9786-7FE56B00CDB0}.Release|Any CPU.ActiveCfg = Release|Any CPU
	EndGlobalSection
	GlobalSection(SolutionProperties) = preSolution
		HideSolutionNode = FALSE
	EndGlobalSection
	GlobalSection(ExtensibilityGlobals) = postSolution
		SolutionGuid = {23524925-9CA6-476A-95A5-F03CA27F5387}
	EndGlobalSection
EndGlobal
